{
  "name": "noobgl-node",
  "version": "0.0.1",
  "lockfileVersion": 1,
  "requires": true,
  "dependencies": {
    "noobgl": {
      "version": "0.0.4",
      "resolved": "https://registry.npmjs.org/noobgl/-/noobgl-0.0.4.tgz",
      "integrity": "sha512-8LwihBOWBx8ex4WmGsrL1mtZZvj+K7ImyiqaY7lzqx4lVVE76OCuFVRwqHjVU1iR5vwpjkOVTyQtY7sZ1/Tc1A=="
    },
    "noobgl-euler": {
      "version": "0.0.1",
      "resolved": "https://registry.npmjs.org/noobgl-euler/-/noobgl-euler-0.0.1.tgz",
      "integrity": "sha512-cRmlPKNLQsFsN86pr8jhvYbiHv9lv7fs/G56fo6a/OwZy6zt+lzuTlHeL2RVBfBmNtUOTWRbyRxTuwty/OF6gw==",
      "requires": {
        "noobgl-matrix": "0.0.1"
      },
      "dependencies": {
        "noobgl-matrix": {
          "version": "0.0.1",
          "resolved": "https://registry.npmjs.org/noobgl-matrix/-/noobgl-matrix-0.0.1.tgz",
          "integrity": "sha512-wvx6jkeX4sz6u/Cilp9nkEEehaB9ZcvKoUDzR3ufLcLwrEKsWMLDkNvaP+WRqCwKqGzDtT4kUGSMskUGvSlL9w=="
        }
      }
    },
    "noobgl-matrix": {
      "version": "0.0.2",
      "resolved": "https://registry.npmjs.org/noobgl-matrix/-/noobgl-matrix-0.0.2.tgz",
      "integrity": "sha512-XsZ1BrlMhEXhOtqTYuh/7j/wXXMzGYU2l6RwBUQLTUogl7JiI7CZhryI/KsMc2QP5fis/ivVId5iTueJBt5s8w==",
      "requires": {
        "noobgl-euler": "0.0.1",
        "noobgl-vector": "0.0.1"
      },
      "dependencies": {
        "noobgl-vector": {
          "version": "0.0.1",
          "resolved": "https://registry.npmjs.org/noobgl-vector/-/noobgl-vector-0.0.1.tgz",
          "integrity": "sha512-NavSarCmr8COhDTCHKuFI8cu28xk5lOaQ9HtiIEY78gByj21a3qqds8So96+rffrXEvMSlVwUABUT+tO8bbtsw=="
        }
      }
    },
    "noobgl-vector": {
      "version": "0.0.2",
      "resolved": "https://registry.npmjs.org/noobgl-vector/-/noobgl-vector-0.0.2.tgz",
      "integrity": "sha512-cfa7i1hMiH8Glemw1Y59SNPmbkELXgj6NOJVQX7bDMLw2sxe3XqtwlYZgQUn3l1M5ddQRzj9dK79Jx8R6n/CqA=="
    }
  }
}
